
Microsoft Visual Studio Solution File, Format Version 12.00
# Visual Studio 15
VisualStudioVersion = 15.0.28307.329
MinimumVisualStudioVersion = 10.0.40219.1
Project("{FAE04EC0-301F-11D3-BF4B-00C04F79EFBC}") = "DBBackfill", "DBBackfill.csproj", "{FD430C39-05A2-4322-BCCB-42ABAE55A432}"
EndProject
Project("{FAE04EC0-301F-11D3-BF4B-00C04F79EFBC}") = "ReplBackfill", "..\ReplBackfill\ReplBackfill.csproj", "{1CD0437D-2768-41E5-803F-62FB1F7F86EB}"
EndProject
Global
	GlobalSection(SolutionConfigurationPlatforms) = preSolution
		Debug|Any CPU = Debug|Any CPU
		Release|Any CPU = Release|Any CPU
	EndGlobalSection
	GlobalSection(ProjectConfigurationPlatforms) = postSolution
		{FD430C39-05A2-4322-BCCB-42ABAE55A432}.Debug|Any CPU.ActiveCfg = Debug|Any CPU
		{FD430C39-05A2-4322-BCCB-42ABAE55A432}.Debug|Any CPU.Build.0 = Debug|Any CPU
		{FD430C39-05A2-4322-BCCB-42ABAE55A432}.Release|Any CPU.ActiveCfg = Release|Any CPU
		{FD430C39-05A2-4322-BCCB-42ABAE55A432}.Release|Any CPU.Build.0 = Release|Any CPU
		{1CD0437D-2768-41E5-803F-62FB1F7F86EB}.Debug|Any CPU.ActiveCfg = Debug|Any CPU
		{1CD0437D-2768-41E5-803F-62FB1F7F86EB}.Debug|Any CPU.Build.0 = Debug|Any CPU
		{1CD0437D-2768-41E5-803F-62FB1F7F86EB}.Release|Any CPU.ActiveCfg = Release|Any CPU
		{1CD0437D-2768-41E5-803F-62FB1F7F86EB}.Release|Any CPU.Build.0 = Release|Any CPU
	EndGlobalSection
	GlobalSection(SolutionProperties) = preSolution
		HideSolutionNode = FALSE
	EndGlobalSection
	GlobalSection(ExtensibilityGlobals) = postSolution
		SolutionGuid = {7580A66A-46AF-40FB-8754-044BBEC0A176}
	EndGlobalSection
EndGlobal
